
Microsoft Visual Studio Solution File, Format Version 12.00
# Visual Studio Version 16
VisualStudioVersion = 16.0.30413.136
MinimumVisualStudioVersion = 10.0.40219.1
Project("{9A19103F-16F7-4668-BE54-9A1E7A4F7556}") = "RedisSample", "RedisSample\RedisSample.csproj", "{BD53D997-5F49-4DA9-A89D-CE33B9ED1248}"
EndProject
Project("{9A19103F-16F7-4668-BE54-9A1E7A4F7556}") = "CSharpTest", "CSharpTest\CSharpTest.csproj", "{D2F9CD06-1301-4320-B9FA-7224A7B46C35}"
EndProject
Project("{2150E333-8FDC-42A3-9474-1A3956D46DE8}") = "gRPC", "gRPC", "{C72DE0A9-9ADE-4C37-B2B8-B3BB90780E3F}"
EndProject
Project("{9A19103F-16F7-4668-BE54-9A1E7A4F7556}") = "GrcpClient", "gRPC\GrcpClient\GrcpClient.csproj", "{49A612E6-78EE-434E-AB9E-4B7B060875BC}"
EndProject
Project("{9A19103F-16F7-4668-BE54-9A1E7A4F7556}") = "GrpcServer", "gRPC\GrpcServer\GrpcServer.csproj", "{1E3D87F3-22B8-4662-87D5-FCD5BC6AE691}"
EndProject
Project("{FAE04EC0-301F-11D3-BF4B-00C04F79EFBC}") = "DesignPattern", "DesignPattern\DesignPattern.csproj", "{2BDE77FA-4683-4896-A6BE-10B8854A185D}"
EndProject
Global
	GlobalSection(SolutionConfigurationPlatforms) = preSolution
		Debug|Any CPU = Debug|Any CPU
		Release|Any CPU = Release|Any CPU
	EndGlobalSection
	GlobalSection(ProjectConfigurationPlatforms) = postSolution
		{BD53D997-5F49-4DA9-A89D-CE33B9ED1248}.Debug|Any CPU.ActiveCfg = Debug|Any CPU
		{BD53D997-5F49-4DA9-A89D-CE33B9ED1248}.Debug|Any CPU.Build.0 = Debug|Any CPU
		{BD53D997-5F49-4DA9-A89D-CE33B9ED1248}.Release|Any CPU.ActiveCfg = Release|Any CPU
		{BD53D997-5F49-4DA9-A89D-CE33B9ED1248}.Release|Any CPU.Build.0 = Release|Any CPU
		{D2F9CD06-1301-4320-B9FA-7224A7B46C35}.Debug|Any CPU.ActiveCfg = Debug|Any CPU
		{D2F9CD06-1301-4320-B9FA-7224A7B46C35}.Debug|Any CPU.Build.0 = Debug|Any CPU
		{D2F9CD06-1301-4320-B9FA-7224A7B46C35}.Release|Any CPU.ActiveCfg = Release|Any CPU
		{D2F9CD06-1301-4320-B9FA-7224A7B46C35}.Release|Any CPU.Build.0 = Release|Any CPU
		{49A612E6-78EE-434E-AB9E-4B7B060875BC}.Debug|Any CPU.ActiveCfg = Debug|Any CPU
		{49A612E6-78EE-434E-AB9E-4B7B060875BC}.Debug|Any CPU.Build.0 = Debug|Any CPU
		{49A612E6-78EE-434E-AB9E-4B7B060875BC}.Release|Any CPU.ActiveCfg = Release|Any CPU
		{49A612E6-78EE-434E-AB9E-4B7B060875BC}.Release|Any CPU.Build.0 = Release|Any CPU
		{1E3D87F3-22B8-4662-87D5-FCD5BC6AE691}.Debug|Any CPU.ActiveCfg = Debug|Any CPU
		{1E3D87F3-22B8-4662-87D5-FCD5BC6AE691}.Debug|Any CPU.Build.0 = Debug|Any CPU
		{1E3D87F3-22B8-4662-87D5-FCD5BC6AE691}.Release|Any CPU.ActiveCfg = Release|Any CPU
		{1E3D87F3-22B8-4662-87D5-FCD5BC6AE691}.Release|Any CPU.Build.0 = Release|Any CPU
		{2BDE77FA-4683-4896-A6BE-10B8854A185D}.Debug|Any CPU.ActiveCfg = Debug|Any CPU
		{2BDE77FA-4683-4896-A6BE-10B8854A185D}.Debug|Any CPU.Build.0 = Debug|Any CPU
		{2BDE77FA-4683-4896-A6BE-10B8854A185D}.Release|Any CPU.ActiveCfg = Release|Any CPU
		{2BDE77FA-4683-4896-A6BE-10B8854A185D}.Release|Any CPU.Build.0 = Release|Any CPU
	EndGlobalSection
	GlobalSection(SolutionProperties) = preSolution
		HideSolutionNode = FALSE
	EndGlobalSection
	GlobalSection(NestedProjects) = preSolution
		{49A612E6-78EE-434E-AB9E-4B7B060875BC} = {C72DE0A9-9ADE-4C37-B2B8-B3BB90780E3F}
		{1E3D87F3-22B8-4662-87D5-FCD5BC6AE691} = {C72DE0A9-9ADE-4C37-B2B8-B3BB90780E3F}
	EndGlobalSection
	GlobalSection(ExtensibilityGlobals) = postSolution
		SolutionGuid = {2E39877E-5353-47B9-8BA3-AA5E91BF061F}
	EndGlobalSection
EndGlobal
