
Microsoft Visual Studio Solution File, Format Version 12.00
# Visual Studio Version 16
VisualStudioVersion = 16.0.30413.136
MinimumVisualStudioVersion = 10.0.40219.1
Project("{9A19103F-16F7-4668-BE54-9A1E7A4F7556}") = "SampleProject", "RedisSample\SampleProject.csproj", "{BD53D997-5F49-4DA9-A89D-CE33B9ED1248}"
EndProject
Global
	GlobalSection(SolutionConfigurationPlatforms) = preSolution
		Debug|Any CPU = Debug|Any CPU
		Release|Any CPU = Release|Any CPU
	EndGlobalSection
	GlobalSection(ProjectConfigurationPlatforms) = postSolution
		{BD53D997-5F49-4DA9-A89D-CE33B9ED1248}.Debug|Any CPU.ActiveCfg = Debug|Any CPU
		{BD53D997-5F49-4DA9-A89D-CE33B9ED1248}.Debug|Any CPU.Build.0 = Debug|Any CPU
		{BD53D997-5F49-4DA9-A89D-CE33B9ED1248}.Release|Any CPU.ActiveCfg = Release|Any CPU
		{BD53D997-5F49-4DA9-A89D-CE33B9ED1248}.Release|Any CPU.Build.0 = Release|Any CPU
	EndGlobalSection
	GlobalSection(SolutionProperties) = preSolution
		HideSolutionNode = FALSE
	EndGlobalSection
	GlobalSection(ExtensibilityGlobals) = postSolution
		SolutionGuid = {CD6AFF69-2F0B-471F-8229-FF9EF512BA71}
	EndGlobalSection
EndGlobal
